
Microsoft Visual Studio Solution File, Format Version 12.00
# Visual Studio 15
VisualStudioVersion = 15.0.27130.2010
MinimumVisualStudioVersion = 10.0.40219.1
Project("{262852C6-CD72-467D-83FE-5EEB1973A190}") = "CordovaTsTemplate", "CordovaTsTemplate\CordovaTsTemplate.jsproj", "{7BE604DC-E8EF-440B-A56B-7D44D590673C}"
EndProject
Global
	GlobalSection(SolutionConfigurationPlatforms) = preSolution
		Debug|Android = Debug|Android
		Debug|iOS = Debug|iOS
		Debug|Windows-ARM = Debug|Windows-ARM
		Debug|Windows-x64 = Debug|Windows-x64
		Debug|Windows-x86 = Debug|Windows-x86
		Release|Android = Release|Android
		Release|iOS = Release|iOS
		Release|Windows-ARM = Release|Windows-ARM
		Release|Windows-x64 = Release|Windows-x64
		Release|Windows-x86 = Release|Windows-x86
	EndGlobalSection
	GlobalSection(ProjectConfigurationPlatforms) = postSolution
		{7BE604DC-E8EF-440B-A56B-7D44D590673C}.Debug|Android.ActiveCfg = Debug|Android
		{7BE604DC-E8EF-440B-A56B-7D44D590673C}.Debug|Android.Build.0 = Debug|Android
		{7BE604DC-E8EF-440B-A56B-7D44D590673C}.Debug|Android.Deploy.0 = Debug|Android
		{7BE604DC-E8EF-440B-A56B-7D44D590673C}.Debug|iOS.ActiveCfg = Debug|iOS
		{7BE604DC-E8EF-440B-A56B-7D44D590673C}.Debug|iOS.Build.0 = Debug|iOS
		{7BE604DC-E8EF-440B-A56B-7D44D590673C}.Debug|iOS.Deploy.0 = Debug|iOS
		{7BE604DC-E8EF-440B-A56B-7D44D590673C}.Debug|Windows-ARM.ActiveCfg = Debug|Windows-ARM
		{7BE604DC-E8EF-440B-A56B-7D44D590673C}.Debug|Windows-ARM.Build.0 = Debug|Windows-ARM
		{7BE604DC-E8EF-440B-A56B-7D44D590673C}.Debug|Windows-ARM.Deploy.0 = Debug|Windows-ARM
		{7BE604DC-E8EF-440B-A56B-7D44D590673C}.Debug|Windows-x64.ActiveCfg = Debug|Windows-x64
		{7BE604DC-E8EF-440B-A56B-7D44D590673C}.Debug|Windows-x64.Build.0 = Debug|Windows-x64
		{7BE604DC-E8EF-440B-A56B-7D44D590673C}.Debug|Windows-x64.Deploy.0 = Debug|Windows-x64
		{7BE604DC-E8EF-440B-A56B-7D44D590673C}.Debug|Windows-x86.ActiveCfg = Debug|Windows-x86
		{7BE604DC-E8EF-440B-A56B-7D44D590673C}.Debug|Windows-x86.Build.0 = Debug|Windows-x86
		{7BE604DC-E8EF-440B-A56B-7D44D590673C}.Debug|Windows-x86.Deploy.0 = Debug|Windows-x86
		{7BE604DC-E8EF-440B-A56B-7D44D590673C}.Release|Android.ActiveCfg = Release|Android
		{7BE604DC-E8EF-440B-A56B-7D44D590673C}.Release|Android.Build.0 = Release|Android
		{7BE604DC-E8EF-440B-A56B-7D44D590673C}.Release|Android.Deploy.0 = Release|Android
		{7BE604DC-E8EF-440B-A56B-7D44D590673C}.Release|iOS.ActiveCfg = Release|iOS
		{7BE604DC-E8EF-440B-A56B-7D44D590673C}.Release|iOS.Build.0 = Release|iOS
		{7BE604DC-E8EF-440B-A56B-7D44D590673C}.Release|iOS.Deploy.0 = Release|iOS
		{7BE604DC-E8EF-440B-A56B-7D44D590673C}.Release|Windows-ARM.ActiveCfg = Release|Windows-ARM
		{7BE604DC-E8EF-440B-A56B-7D44D590673C}.Release|Windows-ARM.Build.0 = Release|Windows-ARM
		{7BE604DC-E8EF-440B-A56B-7D44D590673C}.Release|Windows-ARM.Deploy.0 = Release|Windows-ARM
		{7BE604DC-E8EF-440B-A56B-7D44D590673C}.Release|Windows-x64.ActiveCfg = Release|Windows-x64
		{7BE604DC-E8EF-440B-A56B-7D44D590673C}.Release|Windows-x64.Build.0 = Release|Windows-x64
		{7BE604DC-E8EF-440B-A56B-7D44D590673C}.Release|Windows-x64.Deploy.0 = Release|Windows-x64
		{7BE604DC-E8EF-440B-A56B-7D44D590673C}.Release|Windows-x86.ActiveCfg = Release|Windows-x86
		{7BE604DC-E8EF-440B-A56B-7D44D590673C}.Release|Windows-x86.Build.0 = Release|Windows-x86
		{7BE604DC-E8EF-440B-A56B-7D44D590673C}.Release|Windows-x86.Deploy.0 = Release|Windows-x86
	EndGlobalSection
	GlobalSection(SolutionProperties) = preSolution
		HideSolutionNode = FALSE
	EndGlobalSection
	GlobalSection(ExtensibilityGlobals) = postSolution
		SolutionGuid = {0B9F896F-4EFB-4DD6-97E6-81F6A126B37A}
	EndGlobalSection
EndGlobal
